{
    "_readme": [
        "This file locks the dependencies of your project to a known state",
        "Read more about it at http://getcomposer.org/doc/01-basic-usage.md#composer-lock-the-lock-file",
        "This file is @generated automatically"
    ],
    "hash": "088695e7feaa186e0eaf0cddad5d0dbd",
    "packages": [
        {
            "name": "clevertech/yii-booster",
            "version": "v3.0.0",
            "source": {
                "type": "git",
                "url": "https://github.com/clevertech/YiiBooster.git",
                "reference": "d977eb8f195421c79ec0268bb53a0d7eac09028e"
            },
            "dist": {
                "type": "zip",
                "url": "https://api.github.com/repos/clevertech/YiiBooster/zipball/d977eb8f195421c79ec0268bb53a0d7eac09028e",
                "reference": "d977eb8f195421c79ec0268bb53a0d7eac09028e",
                "shasum": ""
            },
            "require": {
                "php": ">=5.4.0"
            },
            "require-dev": {
                "ardem/yii-coding-standard": "dev-master",
                "mayflower/php-codebrowser": "1.*",
                "ncuesta/pinocchio": "dev-master",
                "phploc/phploc": "2.*",
                "phpunit/phpunit": "3.7.*",
                "sebastian/phpcpd": "2.*",
                "squizlabs/php_codesniffer": "1.*",
                "yiisoft/yii": "1.1.14"
            },
            "type": "library",
            "notification-url": "https://packagist.org/downloads/",
            "license": [
                "MIT"
            ],
            "authors": [
                {
                    "name": "Antonio Ramirez Cobos",
                    "email": "amigo.cobos@gmail.com",
                    "homepage": "http://www.ramirezcobos.com",
                    "role": "Founder and development"
                },
                {
                    "name": "Saphronov Mark",
                    "email": "hijarian@gmail.com",
                    "homepage": "http://about.me/hijarian"
                },
                {
                    "name": "Ruslan Fadeev"
                }
            ],
            "description": "Widget toolkit for Yii framework",
            "homepage": "http://yiibooster.clevertech.biz/",
            "keywords": [
                "bootstrap",
                "yii"
            ],
            "time": "2014-04-29 16:18:21"
        },
        {
            "name": "delfit/phamlp",
            "version": "dev-master",
            "source": {
                "type": "git",
                "url": "https://github.com/delfit/phamlp",
                "reference": "master"
            },
            "type": "library",
            "time": "2013-06-04 11:15:10"
        },
        {
            "name": "delfit/yii-haml",
            "version": "dev-master",
            "source": {
                "type": "git",
                "url": "https://github.com/delfit/yii-haml.git",
                "reference": "2514ba514d824b7c0d3bc077d34f47410576a5d6"
            },
            "dist": {
                "type": "zip",
                "url": "https://github.com/delfit/yii-haml/archive/2514ba514d824b7c0d3bc077d34f47410576a5d6.zip",
                "reference": null,
                "shasum": null
            },
            "type": "library",
            "description": "HAML View Renderer for Yii Framework",
            "homepage": "https://github.com/delfit/yii-haml",
            "time": "2013-06-04 11:36:04"
        }
    ],
    "packages-dev": [

    ],
    "aliases": [

    ],
    "minimum-stability": "stable",
    "stability-flags": {
        "delfit/phamlp": 20,
        "delfit/yii-haml": 20
    },
    "platform": [

    ],
    "platform-dev": [

    ]
}
